
Microsoft Visual Studio Solution File, Format Version 12.00
# Visual Studio Version 17
VisualStudioVersion = 17.1.32421.90
MinimumVisualStudioVersion = 10.0.40219.1
Project("{FAE04EC0-301F-11D3-BF4B-00C04F79EFBC}") = "Presentation", "Presentation\Presentation.csproj", "{1A55361C-3362-4AEB-A17D-D9A170308299}"
EndProject
Project("{FAE04EC0-301F-11D3-BF4B-00C04F79EFBC}") = "Entities", "Entities\Entities.csproj", "{E4349D68-B8D9-431B-9FE6-10DEA3E4C95C}"
EndProject
Project("{FAE04EC0-301F-11D3-BF4B-00C04F79EFBC}") = "DataAccess", "DataAccess\DataAccess.csproj", "{9547A8A9-EE69-4CFD-B856-24867510D5F1}"
EndProject
Global
	GlobalSection(SolutionConfigurationPlatforms) = preSolution
		Debug|Any CPU = Debug|Any CPU
		Release|Any CPU = Release|Any CPU
	EndGlobalSection
	GlobalSection(ProjectConfigurationPlatforms) = postSolution
		{1A55361C-3362-4AEB-A17D-D9A170308299}.Debug|Any CPU.ActiveCfg = Debug|Any CPU
		{1A55361C-3362-4AEB-A17D-D9A170308299}.Debug|Any CPU.Build.0 = Debug|Any CPU
		{1A55361C-3362-4AEB-A17D-D9A170308299}.Release|Any CPU.ActiveCfg = Release|Any CPU
		{1A55361C-3362-4AEB-A17D-D9A170308299}.Release|Any CPU.Build.0 = Release|Any CPU
		{E4349D68-B8D9-431B-9FE6-10DEA3E4C95C}.Debug|Any CPU.ActiveCfg = Debug|Any CPU
		{E4349D68-B8D9-431B-9FE6-10DEA3E4C95C}.Debug|Any CPU.Build.0 = Debug|Any CPU
		{E4349D68-B8D9-431B-9FE6-10DEA3E4C95C}.Release|Any CPU.ActiveCfg = Release|Any CPU
		{E4349D68-B8D9-431B-9FE6-10DEA3E4C95C}.Release|Any CPU.Build.0 = Release|Any CPU
		{9547A8A9-EE69-4CFD-B856-24867510D5F1}.Debug|Any CPU.ActiveCfg = Debug|Any CPU
		{9547A8A9-EE69-4CFD-B856-24867510D5F1}.Debug|Any CPU.Build.0 = Debug|Any CPU
		{9547A8A9-EE69-4CFD-B856-24867510D5F1}.Release|Any CPU.ActiveCfg = Release|Any CPU
		{9547A8A9-EE69-4CFD-B856-24867510D5F1}.Release|Any CPU.Build.0 = Release|Any CPU
	EndGlobalSection
	GlobalSection(SolutionProperties) = preSolution
		HideSolutionNode = FALSE
	EndGlobalSection
	GlobalSection(ExtensibilityGlobals) = postSolution
		SolutionGuid = {B16FA475-363F-4E7B-81BA-A0727B2B472E}
	EndGlobalSection
EndGlobal
